{
  "name": "icode-js",
  "version": "3.0.0",
  "lockfileVersion": 3,
  "requires": true,
  "packages": {
    "": {
      "name": "icode-js",
      "version": "3.0.0",
      "license": "MIT",
      "bin": {
        "icode": "bin/icode.js"
      },
      "engines": {
        "node": ">=20.10.0"
      }
    }
  }
}
